// !$*UTF8*$!
{
	archiveVersion = 1;
	classes = {
	};
	objectVersion = 50;
	objects = {

/* Begin PBXBuildFile section */
		82504DAE245E8E300003D466 /* AppDelegate.swift in Sources */ = {isa = PBXBuildFile; fileRef = 82504DAD245E8E300003D466 /* AppDelegate.swift */; };
		82504DB0245E8E300003D466 /* SceneDelegate.swift in Sources */ = {isa = PBXBuildFile; fileRef = 82504DAF245E8E300003D466 /* SceneDelegate.swift */; };
		82504DB2245E8E300003D466 /* ViewController.swift in Sources */ = {isa = PBXBuildFile; fileRef = 82504DB1245E8E300003D466 /* ViewController.swift */; };
		82504DB5245E8E300003D466 /* Main.storyboard in Resources */ = {isa = PBXBuildFile; fileRef = 82504DB3245E8E300003D466 /* Main.storyboard */; };
		82504DB7245E8E320003D466 /* Assets.xcassets in Resources */ = {isa = PBXBuildFile; fileRef = 82504DB6245E8E320003D466 /* Assets.xcassets */; };
		82504DBA245E8E320003D466 /* LaunchScreen.storyboard in Resources */ = {isa = PBXBuildFile; fileRef = 82504DB8245E8E320003D466 /* LaunchScreen.storyboard */; };
		82504DC2245EA5580003D466 /* RandomDiceViewController.swift in Sources */ = {isa = PBXBuildFile; fileRef = 82504DC1245EA5580003D466 /* RandomDiceViewController.swift */; };
		82504DC4245EC90E0003D466 /* Random_Dice.png in Resources */ = {isa = PBXBuildFile; fileRef = 82504DC3245EC90E0003D466 /* Random_Dice.png */; };
/* End PBXBuildFile section */

/* Begin PBXFileReference section */
		82504DAA245E8E300003D466 /* Random_Dice.app */ = {isa = PBXFileReference; explicitFileType = wrapper.application; includeInIndex = 0; path = Random_Dice.app; sourceTree = BUILT_PRODUCTS_DIR; };
		82504DAD245E8E300003D466 /* AppDelegate.swift */ = {isa = PBXFileReference; lastKnownFileType = sourcecode.swift; path = AppDelegate.swift; sourceTree = "<group>"; };
		82504DAF245E8E300003D466 /* SceneDelegate.swift */ = {isa = PBXFileReference; lastKnownFileType = sourcecode.swift; path = SceneDelegate.swift; sourceTree = "<group>"; };
		82504DB1245E8E300003D466 /* ViewController.swift */ = {isa = PBXFileReference; lastKnownFileType = sourcecode.swift; path = ViewController.swift; sourceTree = "<group>"; };
		82504DB4245E8E300003D466 /* Base */ = {isa = PBXFileReference; lastKnownFileType = file.storyboard; name = Base; path = Base.lproj/Main.storyboard; sourceTree = "<group>"; };
		82504DB6245E8E320003D466 /* Assets.xcassets */ = {isa = PBXFileReference; lastKnownFileType = folder.assetcatalog; path = Assets.xcassets; sourceTree = "<group>"; };
		82504DB9245E8E320003D466 /* Base */ = {isa = PBXFileReference; lastKnownFileType = file.storyboard; name = Base; path = Base.lproj/LaunchScreen.storyboard; sourceTree = "<group>"; };
		82504DBB245E8E320003D466 /* Info.plist */ = {isa = PBXFileReference; lastKnownFileType = text.plist.xml; path = Info.plist; sourceTree = "<group>"; };
		82504DC1245EA5580003D466 /* RandomDiceViewController.swift */ = {isa = PBXFileReference; lastKnownFileType = sourcecode.swift; path = RandomDiceViewController.swift; sourceTree = "<group>"; };
		82504DC3245EC90E0003D466 /* Random_Dice.png */ = {isa = PBXFileReference; lastKnownFileType = image.png; path = Random_Dice.png; sourceTree = "<group>"; };
/* End PBXFileReference section */

/* Begin PBXFrameworksBuildPhase section */
		82504DA7245E8E300003D466 /* Frameworks */ = {
			isa = PBXFrameworksBuildPhase;
			buildActionMask = 2147483647;
			files = (
			);
			runOnlyForDeploymentPostprocessing = 0;
		};
/* End PBXFrameworksBuildPhase section */

/* Begin PBXGroup section */
		82504DA1245E8E300003D466 = {
			isa = PBXGroup;
			children = (
				82504DAC245E8E300003D466 /* Random_Dice */,
				82504DAB245E8E300003D466 /* Products */,
			);
			sourceTree = "<group>";
		};
		82504DAB245E8E300003D466 /* Products */ = {
			isa = PBXGroup;
			children = (
				82504DAA245E8E300003D466 /* Random_Dice.app */,
			);
			name = Products;
			sourceTree = "<group>";
		};
		82504DAC245E8E300003D466 /* Random_Dice */ = {
			isa = PBXGroup;
			children = (
				82504DC3245EC90E0003D466 /* Random_Dice.png */,
				82504DAD245E8E300003D466 /* AppDelegate.swift */,
				82504DAF245E8E300003D466 /* SceneDelegate.swift */,
				82504DB1245E8E300003D466 /* ViewController.swift */,
				82504DB3245E8E300003D466 /* Main.storyboard */,
				82504DB6245E8E320003D466 /* Assets.xcassets */,
				82504DB8245E8E320003D466 /* LaunchScreen.storyboard */,
				82504DBB245E8E320003D466 /* Info.plist */,
				82504DC1245EA5580003D466 /* RandomDiceViewController.swift */,
			);
			path = Random_Dice;
			sourceTree = "<group>";
		};
/* End PBXGroup section */

/* Begin PBXNativeTarget section */
		82504DA9245E8E300003D466 /* Random_Dice */ = {
			isa = PBXNativeTarget;
			buildConfigurationList = 82504DBE245E8E320003D466 /* Build configuration list for PBXNativeTarget "Random_Dice" */;
			buildPhases = (
				82504DA6245E8E300003D466 /* Sources */,
				82504DA7245E8E300003D466 /* Frameworks */,
				82504DA8245E8E300003D466 /* Resources */,
			);
			buildRules = (
			);
			dependencies = (
			);
			name = Random_Dice;
			productName = Random_Dice;
			productReference = 82504DAA245E8E300003D466 /* Random_Dice.app */;
			productType = "com.apple.product-type.application";
		};
/* End PBXNativeTarget section */

/* Begin PBXProject section */
		82504DA2245E8E300003D466 /* Project object */ = {
			isa = PBXProject;
			attributes = {
				LastSwiftUpdateCheck = 1130;
				LastUpgradeCheck = 1130;
				ORGANIZATIONNAME = "SWU mac";
				TargetAttributes = {
					82504DA9245E8E300003D466 = {
						CreatedOnToolsVersion = 11.3.1;
					};
				};
			};
			buildConfigurationList = 82504DA5245E8E300003D466 /* Build configuration list for PBXProject "Random_Dice" */;
			compatibilityVersion = "Xcode 9.3";
			developmentRegion = en;
			hasScannedForEncodings = 0;
			knownRegions = (
				en,
				Base,
			);
			mainGroup = 82504DA1245E8E300003D466;
			productRefGroup = 82504DAB245E8E300003D466 /* Products */;
			projectDirPath = "";
			projectRoot = "";
			targets = (
				82504DA9245E8E300003D466 /* Random_Dice */,
			);
		};
/* End PBXProject section */

/* Begin PBXResourcesBuildPhase section */
		82504DA8245E8E300003D466 /* Resources */ = {
			isa = PBXResourcesBuildPhase;
			buildActionMask = 2147483647;
			files = (
				82504DBA245E8E320003D466 /* LaunchScreen.storyboard in Resources */,
				82504DB7245E8E320003D466 /* Assets.xcassets in Resources */,
				82504DB5245E8E300003D466 /* Main.storyboard in Resources */,
				82504DC4245EC90E0003D466 /* Random_Dice.png in Resources */,
			);
			runOnlyForDeploymentPostprocessing = 0;
		};
/* End PBXResourcesBuildPhase section */

/* Begin PBXSourcesBuildPhase section */
		82504DA6245E8E300003D466 /* Sources */ = {
			isa = PBXSourcesBuildPhase;
			buildActionMask = 2147483647;
			files = (
				82504DB2245E8E300003D466 /* ViewController.swift in Sources */,
				82504DAE245E8E300003D466 /* AppDelegate.swift in Sources */,
				82504DC2245EA5580003D466 /* RandomDiceViewController.swift in Sources */,
				82504DB0245E8E300003D466 /* SceneDelegate.swift in Sources */,
			);
			runOnlyForDeploymentPostprocessing = 0;
		};
/* End PBXSourcesBuildPhase section */

/* Begin PBXVariantGroup section */
		82504DB3245E8E300003D466 /* Main.storyboard */ = {
			isa = PBXVariantGroup;
			children = (
				82504DB4245E8E300003D466 /* Base */,
			);
			name = Main.storyboard;
			sourceTree = "<group>";
		};
		82504DB8245E8E320003D466 /* LaunchScreen.storyboard */ = {
			isa = PBXVariantGroup;
			children = (
				82504DB9245E8E320003D466 /* Base */,
			);
			name = LaunchScreen.storyboard;
			sourceTree = "<group>";
		};
/* End PBXVariantGroup section */

/* Begin XCBuildConfiguration section */
		82504DBC245E8E320003D466 /* Debug */ = {
			isa = XCBuildConfiguration;
			buildSettings = {
				ALWAYS_SEARCH_USER_PATHS = NO;
				CLANG_ANALYZER_NONNULL = YES;
				CLANG_ANALYZER_NUMBER_OBJECT_CONVERSION = YES_AGGRESSIVE;
				CLANG_CXX_LANGUAGE_STANDARD = "gnu++14";
				CLANG_CXX_LIBRARY = "libc++";
				CLANG_ENABLE_MODULES = YES;
				CLANG_ENABLE_OBJC_ARC = YES;
				CLANG_ENABLE_OBJC_WEAK = YES;
				CLANG_WARN_BLOCK_CAPTURE_AUTORELEASING = YES;
				CLANG_WARN_BOOL_CONVERSION = YES;
				CLANG_WARN_COMMA = YES;
				CLANG_WARN_CONSTANT_CONVERSION = YES;
				CLANG_WARN_DEPRECATED_OBJC_IMPLEMENTATIONS = YES;
				CLANG_WARN_DIRECT_OBJC_ISA_USAGE = YES_ERROR;
				CLANG_WARN_DOCUMENTATION_COMMENTS = YES;
				CLANG_WARN_EMPTY_BODY = YES;
				CLANG_WARN_ENUM_CONVERSION = YES;
				CLANG_WARN_INFINITE_RECURSION = YES;
				CLANG_WARN_INT_CONVERSION = YES;
				CLANG_WARN_NON_LITERAL_NULL_CONVERSION = YES;
				CLANG_WARN_OBJC_IMPLICIT_RETAIN_SELF = YES;
				CLANG_WARN_OBJC_LITERAL_CONVERSION = YES;
				CLANG_WARN_OBJC_ROOT_CLASS = YES_ERROR;
				CLANG_WARN_RANGE_LOOP_ANALYSIS = YES;
				CLANG_WARN_STRICT_PROTOTYPES = YES;
				CLANG_WARN_SUSPICIOUS_MOVE = YES;
				CLANG_WARN_UNGUARDED_AVAILABILITY = YES_AGGRESSIVE;
				CLANG_WARN_UNREACHABLE_CODE = YES;
				CLANG_WARN__DUPLICATE_METHOD_MATCH = YES;
				COPY_PHASE_STRIP = NO;
				DEBUG_INFORMATION_FORMAT = dwarf;
				ENABLE_STRICT_OBJC_MSGSEND = YES;
				ENABLE_TESTABILITY = YES;
				GCC_C_LANGUAGE_STANDARD = gnu11;
				GCC_DYNAMIC_NO_PIC = NO;
				GCC_NO_COMMON_BLOCKS = YES;
				GCC_OPTIMIZATION_LEVEL = 0;
				GCC_PREPROCESSOR_DEFINITIONS = (
					"DEBUG=1",
					"$(inherited)",
				);
				GCC_WARN_64_TO_32_BIT_CONVERSION = YES;
				GCC_WARN_ABOUT_RETURN_TYPE = YES_ERROR;
				GCC_WARN_UNDECLARED_SELECTOR = YES;
				GCC_WARN_UNINITIALIZED_AUTOS = YES_AGGRESSIVE;
				GCC_WARN_UNUSED_FUNCTION = YES;
				GCC_WARN_UNUSED_VARIABLE = YES;
				IPHONEOS_DEPLOYMENT_TARGET = 13.2;
				MTL_ENABLE_DEBUG_INFO = INCLUDE_SOURCE;
				MTL_FAST_MATH = YES;
				ONLY_ACTIVE_ARCH = YES;
				SDKROOT = iphoneos;
				SWIFT_ACTIVE_COMPILATION_CONDITIONS = DEBUG;
				SWIFT_OPTIMIZATION_LEVEL = "-Onone";
			};
			name = Debug;
		};
		82504DBD245E8E320003D466 /* Release */ = {
			isa = XCBuildConfiguration;
			buildSettings = {
				ALWAYS_SEARCH_USER_PATHS = NO;
				CLANG_ANALYZER_NONNULL = YES;
				CLANG_ANALYZER_NUMBER_OBJECT_CONVERSION = YES_AGGRESSIVE;
				CLANG_CXX_LANGUAGE_STANDARD = "gnu++14";
				CLANG_CXX_LIBRARY = "libc++";
				CLANG_ENABLE_MODULES = YES;
				CLANG_ENABLE_OBJC_ARC = YES;
				CLANG_ENABLE_OBJC_WEAK = YES;
				CLANG_WARN_BLOCK_CAPTURE_AUTORELEASING = YES;
				CLANG_WARN_BOOL_CONVERSION = YES;
				CLANG_WARN_COMMA = YES;
				CLANG_WARN_CONSTANT_CONVERSION = YES;
				CLANG_WARN_DEPRECATED_OBJC_IMPLEMENTATIONS = YES;
				CLANG_WARN_DIRECT_OBJC_ISA_USAGE = YES_ERROR;
				CLANG_WARN_DOCUMENTATION_COMMENTS = YES;
				CLANG_WARN_EMPTY_BODY = YES;
				CLANG_WARN_ENUM_CONVERSION = YES;
				CLANG_WARN_INFINITE_RECURSION = YES;
				CLANG_WARN_INT_CONVERSION = YES;
				CLANG_WARN_NON_LITERAL_NULL_CONVERSION = YES;
				CLANG_WARN_OBJC_IMPLICIT_RETAIN_SELF = YES;
				CLANG_WARN_OBJC_LITERAL_CONVERSION = YES;
				CLANG_WARN_OBJC_ROOT_CLASS = YES_ERROR;
				CLANG_WARN_RANGE_LOOP_ANALYSIS = YES;
				CLANG_WARN_STRICT_PROTOTYPES = YES;
				CLANG_WARN_SUSPICIOUS_MOVE = YES;
				CLANG_WARN_UNGUARDED_AVAILABILITY = YES_AGGRESSIVE;
				CLANG_WARN_UNREACHABLE_CODE = YES;
				CLANG_WARN__DUPLICATE_METHOD_MATCH = YES;
				COPY_PHASE_STRIP = NO;
				DEBUG_INFORMATION_FORMAT = "dwarf-with-dsym";
				ENABLE_NS_ASSERTIONS = NO;
				ENABLE_STRICT_OBJC_MSGSEND = YES;
				GCC_C_LANGUAGE_STANDARD = gnu11;
				GCC_NO_COMMON_BLOCKS = YES;
				GCC_WARN_64_TO_32_BIT_CONVERSION = YES;
				GCC_WARN_ABOUT_RETURN_TYPE = YES_ERROR;
				GCC_WARN_UNDECLARED_SELECTOR = YES;
				GCC_WARN_UNINITIALIZED_AUTOS = YES_AGGRESSIVE;
				GCC_WARN_UNUSED_FUNCTION = YES;
				GCC_WARN_UNUSED_VARIABLE = YES;
				IPHONEOS_DEPLOYMENT_TARGET = 13.2;
				MTL_ENABLE_DEBUG_INFO = NO;
				MTL_FAST_MATH = YES;
				SDKROOT = iphoneos;
				SWIFT_COMPILATION_MODE = wholemodule;
				SWIFT_OPTIMIZATION_LEVEL = "-O";
				VALIDATE_PRODUCT = YES;
			};
			name = Release;
		};
		82504DBF245E8E320003D466 /* Debug */ = {
			isa = XCBuildConfiguration;
			buildSettings = {
				ASSETCATALOG_COMPILER_APPICON_NAME = AppIcon;
				CODE_SIGN_STYLE = Automatic;
				INFOPLIST_FILE = Random_Dice/Info.plist;
				LD_RUNPATH_SEARCH_PATHS = (
					"$(inherited)",
					"@executable_path/Frameworks",
				);
				PRODUCT_BUNDLE_IDENTIFIER = "kr.ac.swu.Random-Dice";
				PRODUCT_NAME = "$(TARGET_NAME)";
				SWIFT_VERSION = 5.0;
				TARGETED_DEVICE_FAMILY = "1,2";
			};
			name = Debug;
		};
		82504DC0245E8E320003D466 /* Release */ = {
			isa = XCBuildConfiguration;
			buildSettings = {
				ASSETCATALOG_COMPILER_APPICON_NAME = AppIcon;
				CODE_SIGN_STYLE = Automatic;
				INFOPLIST_FILE = Random_Dice/Info.plist;
				LD_RUNPATH_SEARCH_PATHS = (
					"$(inherited)",
					"@executable_path/Frameworks",
				);
				PRODUCT_BUNDLE_IDENTIFIER = "kr.ac.swu.Random-Dice";
				PRODUCT_NAME = "$(TARGET_NAME)";
				SWIFT_VERSION = 5.0;
				TARGETED_DEVICE_FAMILY = "1,2";
			};
			name = Release;
		};
/* End XCBuildConfiguration section */

/* Begin XCConfigurationList section */
		82504DA5245E8E300003D466 /* Build configuration list for PBXProject "Random_Dice" */ = {
			isa = XCConfigurationList;
			buildConfigurations = (
				82504DBC245E8E320003D466 /* Debug */,
				82504DBD245E8E320003D466 /* Release */,
			);
			defaultConfigurationIsVisible = 0;
			defaultConfigurationName = Release;
		};
		82504DBE245E8E320003D466 /* Build configuration list for PBXNativeTarget "Random_Dice" */ = {
			isa = XCConfigurationList;
			buildConfigurations = (
				82504DBF245E8E320003D466 /* Debug */,
				82504DC0245E8E320003D466 /* Release */,
			);
			defaultConfigurationIsVisible = 0;
			defaultConfigurationName = Release;
		};
/* End XCConfigurationList section */
	};
	rootObject = 82504DA2245E8E300003D466 /* Project object */;
}
